<?xml version="1.0" encoding="utf-8"?>
<Project ToolsVersion="4.0" xmlns="http://schemas.microsoft.com/developer/msbuild/2003">
  <ItemGroup>
    <Filter Include="Source Files">
      <UniqueIdentifier>{4FC737F1-C7A5-4376-A066-2A32D752A2FF}</UniqueIdentifier>
      <Extensions>cpp;c;cc;cxx;c++;cppm;ixx;def;odl;idl;hpj;bat;asm;asmx</Extensions>
    </Filter>
    <Filter Include="Header Files">
      <UniqueIdentifier>{93995380-89BD-4b04-88EB-625FBE52EBFB}</UniqueIdentifier>
      <Extensions>h;hh;hpp;hxx;h++;hm;inl;inc;ipp;xsd</Extensions>
    </Filter>
    <Filter Include="Source Files\System Calls">
      <UniqueIdentifier>{f0a4cf49-9e05-4351-8a58-44c2db652301}</UniqueIdentifier>
    </Filter>
    <Filter Include="Header Files\System Calls">
      <UniqueIdentifier>{7080a32c-1809-4337-a449-b8f9d3172c0e}</UniqueIdentifier>
    </Filter>
    <Filter Include="Source Files\Data Structures">
      <UniqueIdentifier>{46d85f96-7f4e-414c-92e7-f28ba1445f04}</UniqueIdentifier>
    </Filter>
    <Filter Include="Header Files\Data Structures">
      <UniqueIdentifier>{5c0fb8f2-af6f-46bd-bbc9-3bbe78bf9bd8}</UniqueIdentifier>
    </Filter>
  </ItemGroup>
  <ItemGroup>
    <ClCompile Include="SoftfootFalls.cpp">
      <Filter>Source Files</Filter>
    </ClCompile>
    <ClCompile Include="Clock.cpp">
      <Filter>Source Files\System Calls</Filter>
    </ClCompile>
    <ClCompile Include="Print.cpp">
      <Filter>Source Files\System Calls</Filter>
    </ClCompile>
    <ClCompile Include="Timer.cpp">
      <Filter>Source Files\System Calls</Filter>
    </ClCompile>
    <ClCompile Include="Time.cpp">
      <Filter>Source Files\System Calls</Filter>
    </ClCompile>
    <ClCompile Include="Load.cpp">
      <Filter>Source Files\System Calls</Filter>
    </ClCompile>
    <ClCompile Include="Node.cpp">
      <Filter>Source Files\Data Structures</Filter>
    </ClCompile>
  </ItemGroup>
  <ItemGroup>
    <ClInclude Include="Clock.h">
      <Filter>Header Files\System Calls</Filter>
    </ClInclude>
    <ClInclude Include="Print.h">
      <Filter>Header Files\System Calls</Filter>
    </ClInclude>
    <ClInclude Include="Time.h">
      <Filter>Header Files\System Calls</Filter>
    </ClInclude>
    <ClInclude Include="Timer.h">
      <Filter>Header Files\System Calls</Filter>
    </ClInclude>
    <ClInclude Include="SoftfootFalls.h">
      <Filter>Header Files</Filter>
    </ClInclude>
    <ClInclude Include="Load.h">
      <Filter>Header Files\System Calls</Filter>
    </ClInclude>
    <ClInclude Include="Node.h">
      <Filter>Header Files\Data Structures</Filter>
    </ClInclude>
  </ItemGroup>
</Project>